PODS:
  - Alamofire (5.6.1)
  - IQKeyboardManagerSwift (6.5.10)
  - Realm (10.28.2):
    - Realm/Headers (= 10.28.2)
  - Realm/Headers (10.28.2)
  - RealmSwift (10.28.2):
    - Realm (= 10.28.2)
  - SDWebImage (5.12.6):
    - SDWebImage/Core (= 5.12.6)
  - SDWebImage/Core (5.12.6)
  - UPCarouselFlowLayout (1.1.2)

DEPENDENCIES:
  - Alamofire
  - IQKeyboardManagerSwift
  - RealmSwift (~> 10.28.2)
  - SDWebImage
  - SDWebImage (~> 5.0)
  - UPCarouselFlowLayout

SPEC REPOS:
  trunk:
    - Alamofire
    - IQKeyboardManagerSwift
    - Realm
    - RealmSwift
    - SDWebImage
    - UPCarouselFlowLayout

SPEC CHECKSUMS:
  Alamofire: 87bd8c952f9a4454320fce00d9cc3de57bcadaf5
  IQKeyboardManagerSwift: 52962c76ab33532f15ad9f3ff4e5715eda5335bb
  Realm: e617c54ad0f566b3d0f6a2abae7010de05f252ac
  RealmSwift: 8a516a8759d80d52ebcec1ff1076f5f5159f98b2
  SDWebImage: a47aea9e3d8816015db4e523daff50cfd294499d
  UPCarouselFlowLayout: 4c7d2c43a10ebb1597bde502a53699d378341dad

PODFILE CHECKSUM: 45293f0121dbfca35a9a6703577a31aa515304c9

COCOAPODS: 1.11.3
